%{
  "bimap": {:hex, :bimap, "1.3.0", "3ea4832e58dc83a9b5b407c6731e7bae87458aa618e6d11d8e12114a17afa4b3", [:mix], [], "hexpm", "bf5a2b078528465aa705f405a5c638becd63e41d280ada41e0f77e6d255a10b4"},
  "bunch": {:hex, :bunch, "1.6.0", "4775f8cdf5e801c06beed3913b0bd53fceec9d63380cdcccbda6be125a6cfd54", [:mix], [], "hexpm", "ef4e9abf83f0299d599daed3764d19e8eac5d27a5237e5e4d5e2c129cfeb9a22"},
  "bunch_native": {:hex, :bunch_native, "0.5.0", "8ac1536789a597599c10b652e0b526d8833348c19e4739a0759a2bedfd924e63", [:mix], [{:bundlex, "~> 1.0", [hex: :bundlex, repo: "hexpm", optional: false]}], "hexpm", "24190c760e32b23b36edeb2dc4852515c7c5b3b8675b1a864e0715bdd1c8f80d"},
  "bundlex": {:hex, :bundlex, "1.1.1", "e637b79a1eaab1bf019de4100b6db262aa3b660beff0cd2f3617949b1618eeda", [:mix], [{:bunch, "~> 1.0", [hex: :bunch, repo: "hexpm", optional: false]}, {:qex, "~> 0.5", [hex: :qex, repo: "hexpm", optional: false]}, {:secure_random, "~> 0.5", [hex: :secure_random, repo: "hexpm", optional: false]}], "hexpm", "1fdfa3d6240baa5a2d5496a86e2e43116f80105e93d9adfd4f1fc75be487ea30"},
  "bunt": {:hex, :bunt, "0.2.1", "e2d4792f7bc0ced7583ab54922808919518d0e57ee162901a16a1b6664ef3b14", [:mix], [], "hexpm", "a330bfb4245239787b15005e66ae6845c9cd524a288f0d141c148b02603777a5"},
  "castore": {:hex, :castore, "1.0.3", "7130ba6d24c8424014194676d608cb989f62ef8039efd50ff4b3f33286d06db8", [:mix], [], "hexpm", "680ab01ef5d15b161ed6a95449fac5c6b8f60055677a8e79acf01b27baa4390b"},
  "certifi": {:hex, :certifi, "2.9.0", "6f2a475689dd47f19fb74334859d460a2dc4e3252a3324bd2111b8f0429e7e21", [:rebar3], [], "hexpm", "266da46bdb06d6c6d35fde799bcb28d36d985d424ad7c08b5bb48f5b5cdd4641"},
  "coerce": {:hex, :coerce, "1.0.1", "211c27386315dc2894ac11bc1f413a0e38505d808153367bd5c6e75a4003d096", [:mix], [], "hexpm", "b44a691700f7a1a15b4b7e2ff1fa30bebd669929ac8aa43cffe9e2f8bf051cf1"},
  "connection": {:hex, :connection, "1.1.0", "ff2a49c4b75b6fb3e674bfc5536451607270aac754ffd1bdfe175abe4a6d7a68", [:mix], [], "hexpm", "722c1eb0a418fbe91ba7bd59a47e28008a189d47e37e0e7bb85585a016b2869c"},
  "cors_plug": {:hex, :cors_plug, "3.0.3", "7c3ac52b39624bc616db2e937c282f3f623f25f8d550068b6710e58d04a0e330", [:mix], [{:plug, "~> 1.13", [hex: :plug, repo: "hexpm", optional: false]}], "hexpm", "3f2d759e8c272ed3835fab2ef11b46bddab8c1ab9528167bd463b6452edf830d"},
  "cowboy": {:hex, :cowboy, "2.10.0", "ff9ffeff91dae4ae270dd975642997afe2a1179d94b1887863e43f681a203e26", [:make, :rebar3], [{:cowlib, "2.12.1", [hex: :cowlib, repo: "hexpm", optional: false]}, {:ranch, "1.8.0", [hex: :ranch, repo: "hexpm", optional: false]}], "hexpm", "3afdccb7183cc6f143cb14d3cf51fa00e53db9ec80cdcd525482f5e99bc41d6b"},
  "cowboy_telemetry": {:hex, :cowboy_telemetry, "0.4.0", "f239f68b588efa7707abce16a84d0d2acf3a0f50571f8bb7f56a15865aae820c", [:rebar3], [{:cowboy, "~> 2.7", [hex: :cowboy, repo: "hexpm", optional: false]}, {:telemetry, "~> 1.0", [hex: :telemetry, repo: "hexpm", optional: false]}], "hexpm", "7d98bac1ee4565d31b62d59f8823dfd8356a169e7fcbb83831b8a5397404c9de"},
  "cowlib": {:hex, :cowlib, "2.12.1", "a9fa9a625f1d2025fe6b462cb865881329b5caff8f1854d1cbc9f9533f00e1e1", [:make, :rebar3], [], "hexpm", "163b73f6367a7341b33c794c4e88e7dbfe6498ac42dcd69ef44c5bc5507c8db0"},
  "crc": {:hex, :crc, "0.10.5", "ee12a7c056ac498ef2ea985ecdc9fa53c1bfb4e53a484d9f17ff94803707dfd8", [:mix, :rebar3], [{:elixir_make, "~> 0.6", [hex: :elixir_make, repo: "hexpm", optional: false]}], "hexpm", "3e673b6495a9525c5c641585af1accba59a1eb33de697bedf341e247012c2c7f"},
  "credo": {:hex, :credo, "1.7.0", "6119bee47272e85995598ee04f2ebbed3e947678dee048d10b5feca139435f75", [:mix], [{:bunt, "~> 0.2.1", [hex: :bunt, repo: "hexpm", optional: false]}, {:file_system, "~> 0.2.8", [hex: :file_system, repo: "hexpm", optional: false]}, {:jason, "~> 1.0", [hex: :jason, repo: "hexpm", optional: false]}], "hexpm", "6839fcf63d1f0d1c0f450abc8564a57c43d644077ab96f2934563e68b8a769d7"},
  "dialyxir": {:hex, :dialyxir, "1.3.0", "fd1672f0922b7648ff9ce7b1b26fcf0ef56dda964a459892ad15f6b4410b5284", [:mix], [{:erlex, ">= 0.2.6", [hex: :erlex, repo: "hexpm", optional: false]}], "hexpm", "00b2a4bcd6aa8db9dcb0b38c1225b7277dca9bc370b6438715667071a304696f"},
  "elixir_make": {:hex, :elixir_make, "0.7.7", "7128c60c2476019ed978210c245badf08b03dbec4f24d05790ef791da11aa17c", [:mix], [{:castore, "~> 0.1 or ~> 1.0", [hex: :castore, repo: "hexpm", optional: true]}], "hexpm", "5bc19fff950fad52bbe5f211b12db9ec82c6b34a9647da0c2224b8b8464c7e6c"},
  "erlex": {:hex, :erlex, "0.2.6", "c7987d15e899c7a2f34f5420d2a2ea0d659682c06ac607572df55a43753aa12e", [:mix], [], "hexpm", "2ed2e25711feb44d52b17d2780eabf998452f6efda104877a3881c2f8c0c0c75"},
  "ex_dtls": {:hex, :ex_dtls, "0.12.0", "648522f53340b42301eae57627bb8276555be508ec1010561e606b1621d9d2e9", [:mix], [{:unifex, "~> 1.0", [hex: :unifex, repo: "hexpm", optional: false]}], "hexpm", "0bc2d0de146e7cf9d85eb8d2c0a6a518479a66a2ded8a79c0960eced23fe73a9"},
  "ex_libsrtp": {:hex, :ex_libsrtp, "0.6.0", "d96cd7fc1780157614f0bf47d31587e5eab953b43067f4885849f8177ec452a9", [:mix], [{:bunch, "~> 1.3", [hex: :bunch, repo: "hexpm", optional: false]}, {:unifex, "~> 1.0", [hex: :unifex, repo: "hexpm", optional: false]}], "hexpm", "e9ce8a507a658f7e2df72fae82a4b3ba0a056c175f0bc490e79ab03058e094d5"},
  "ex_sdp": {:hex, :ex_sdp, "0.11.0", "19e3af1d70b945381752db3139dfc22a19da1e9394036721449b7fb8c49fe039", [:mix], [{:bunch, "~> 1.3", [hex: :bunch, repo: "hexpm", optional: false]}, {:uuid, "~> 1.1", [hex: :uuid, repo: "hexpm", optional: false]}], "hexpm", "7a3fe42f4ec0c18de09b10464829c27482d81d9c50c21bdebdbcfe17d2046408"},
  "excoveralls": {:hex, :excoveralls, "0.15.3", "54bb54043e1cf5fe431eb3db36b25e8fd62cf3976666bafe491e3fa5e29eba47", [:mix], [{:hackney, "~> 1.16", [hex: :hackney, repo: "hexpm", optional: false]}, {:jason, "~> 1.0", [hex: :jason, repo: "hexpm", optional: false]}], "hexpm", "f8eb5d8134d84c327685f7bb8f1db4147f1363c3c9533928234e496e3070114e"},
  "fake_turn": {:hex, :fake_turn, "0.4.1", "8ca4677c8ca242055aa37048e6e2983bd369d591cad1450963e640edf89c1ab7", [:rebar3], [{:fast_tls, "1.1.13", [hex: :fast_tls, repo: "hexpm", optional: false]}, {:p1_utils, "1.0.23", [hex: :p1_utils, repo: "hexpm", optional: false]}], "hexpm", "dcba3f798c5c7dc25462982a9107f32b51aad028607345a46c0975dd9b531421"},
  "fast_tls": {:hex, :fast_tls, "1.1.13", "828cdc75e1e8fce8158846d2b971d8b4fe2b2ddcc75b759e88d751079bf78afd", [:rebar3], [{:p1_utils, "1.0.23", [hex: :p1_utils, repo: "hexpm", optional: false]}], "hexpm", "d1f422af40c7777fe534496f508ee86515cb929ad10f7d1d56aa94ce899b44a0"},
  "file_system": {:hex, :file_system, "0.2.10", "fb082005a9cd1711c05b5248710f8826b02d7d1784e7c3451f9c1231d4fc162d", [:mix], [], "hexpm", "41195edbfb562a593726eda3b3e8b103a309b733ad25f3d642ba49696bf715dc"},
  "hackney": {:hex, :hackney, "1.18.1", "f48bf88f521f2a229fc7bae88cf4f85adc9cd9bcf23b5dc8eb6a1788c662c4f6", [:rebar3], [{:certifi, "~> 2.9.0", [hex: :certifi, repo: "hexpm", optional: false]}, {:idna, "~> 6.1.0", [hex: :idna, repo: "hexpm", optional: false]}, {:metrics, "~> 1.0.0", [hex: :metrics, repo: "hexpm", optional: false]}, {:mimerl, "~> 1.1", [hex: :mimerl, repo: "hexpm", optional: false]}, {:parse_trans, "3.3.1", [hex: :parse_trans, repo: "hexpm", optional: false]}, {:ssl_verify_fun, "~> 1.1.0", [hex: :ssl_verify_fun, repo: "hexpm", optional: false]}, {:unicode_util_compat, "~> 0.7.0", [hex: :unicode_util_compat, repo: "hexpm", optional: false]}], "hexpm", "a4ecdaff44297e9b5894ae499e9a070ea1888c84afdd1fd9b7b2bc384950128e"},
  "heap": {:hex, :heap, "2.0.2", "d98cb178286cfeb5edbcf17785e2d20af73ca57b5a2cf4af584118afbcf917eb", [:mix], [], "hexpm", "ba9ea2fe99eb4bcbd9a8a28eaf71cbcac449ca1d8e71731596aace9028c9d429"},
  "idna": {:hex, :idna, "6.1.1", "8a63070e9f7d0c62eb9d9fcb360a7de382448200fbbd1b106cc96d3d8099df8d", [:rebar3], [{:unicode_util_compat, "~> 0.7.0", [hex: :unicode_util_compat, repo: "hexpm", optional: false]}], "hexpm", "92376eb7894412ed19ac475e4a86f7b413c1b9fbb5bd16dccd57934157944cea"},
  "jason": {:hex, :jason, "1.4.1", "af1504e35f629ddcdd6addb3513c3853991f694921b1b9368b0bd32beb9f1b63", [:mix], [{:decimal, "~> 1.0 or ~> 2.0", [hex: :decimal, repo: "hexpm", optional: true]}], "hexpm", "fbb01ecdfd565b56261302f7e1fcc27c4fb8f32d56eab74db621fc154604a7a1"},
  "membrane_aac_fdk_plugin": {:hex, :membrane_aac_fdk_plugin, "0.15.1", "35f70afcafdb27e5ea4bb67f3e5dbfd4a0ab4686c6fda7b2c422385fadabc4d2", [:mix], [{:bunch, "~> 1.4", [hex: :bunch, repo: "hexpm", optional: false]}, {:membrane_aac_format, "~> 0.7", [hex: :membrane_aac_format, repo: "hexpm", optional: false]}, {:membrane_common_c, "~> 0.15.0", [hex: :membrane_common_c, repo: "hexpm", optional: false]}, {:membrane_core, "~> 0.12.0", [hex: :membrane_core, repo: "hexpm", optional: false]}, {:membrane_raw_audio_format, "~> 0.11.0", [hex: :membrane_raw_audio_format, repo: "hexpm", optional: false]}, {:unifex, "~> 1.0", [hex: :unifex, repo: "hexpm", optional: false]}], "hexpm", "f48c3e3b1150cd87fae03a0e2f5fee6c77d32521f97a3f23a1620842ce5a64c4"},
  "membrane_aac_format": {:hex, :membrane_aac_format, "0.7.0", "93ea75b57d5cbee5db59f0250baba65a8949d32ee4cfa38224e93ea306c30048", [:mix], [{:bimap, "~> 1.1", [hex: :bimap, repo: "hexpm", optional: false]}], "hexpm", "3233d2a5a1b264039a198abcef3b7f1c64f5bde9704ec01afbf1bab43a56d415"},
  "membrane_aac_plugin": {:hex, :membrane_aac_plugin, "0.15.0", "070367d3d2e5f5279cd52eb5511bafea7d7a3cf4f14229f0eb66978ffaae0451", [:mix], [{:bunch, "~> 1.0", [hex: :bunch, repo: "hexpm", optional: false]}, {:crc, "~> 0.10.2", [hex: :crc, repo: "hexpm", optional: false]}, {:membrane_aac_format, "~> 0.7.0", [hex: :membrane_aac_format, repo: "hexpm", optional: false]}, {:membrane_core, "~> 0.12.0", [hex: :membrane_core, repo: "hexpm", optional: false]}], "hexpm", "0ba6e70c484a65c6264cdfa70c974c417eaa611341e16136d5ba02991fdda868"},
  "membrane_audio_filler_plugin": {:hex, :membrane_audio_filler_plugin, "0.1.0", "5a1cdd4bb00dad1b7dde0a9b45a73924d99379a41df8859f58151dc57d968bca", [:mix], [{:membrane_core, "~> 0.11.0", [hex: :membrane_core, repo: "hexpm", optional: false]}, {:membrane_raw_audio_format, "~> 0.10.0", [hex: :membrane_raw_audio_format, repo: "hexpm", optional: false]}], "hexpm", "eac8123e60584769f8d72963e39e5e73559ac47771edd8043c2f2f6f0ac4a844"},
  "membrane_audio_mix_plugin": {:hex, :membrane_audio_mix_plugin, "0.15.2", "6f52ccf1a052115f509520fe24261b547121e87a4c5e55b7245c0aabbfcb5ddc", [:mix], [{:bunch, "~> 1.3", [hex: :bunch, repo: "hexpm", optional: false]}, {:membrane_common_c, "~> 0.15.0", [hex: :membrane_common_c, repo: "hexpm", optional: false]}, {:membrane_core, "~> 0.12.1", [hex: :membrane_core, repo: "hexpm", optional: false]}, {:membrane_raw_audio_format, "~> 0.11.0", [hex: :membrane_raw_audio_format, repo: "hexpm", optional: false]}, {:unifex, "~> 1.0", [hex: :unifex, repo: "hexpm", optional: false]}], "hexpm", "06c29679b2ec997597519665d5f2c621800003fe8f0069b2e478a4771b3e44ba"},
  "membrane_cmaf_format": {:hex, :membrane_cmaf_format, "0.6.1", "89d130b5f8786d4285d395697b0f7763a2c82a02de1658cdeb4f8e37e6a6c85c", [:mix], [], "hexpm", "e916e3c8216f3bf999b069ffda94da48c9bdbe3181ce7155a458d1ccf1a97b3d"},
  "membrane_common_c": {:hex, :membrane_common_c, "0.15.0", "4b6005c562bf025e4a53c95a9646a9f5fa993ac440dd44c1a4d1ea210ec53793", [:mix], [{:membrane_core, "~> 0.12.0", [hex: :membrane_core, repo: "hexpm", optional: false]}, {:shmex, "~> 0.5.0", [hex: :shmex, repo: "hexpm", optional: false]}, {:unifex, "~> 1.0", [hex: :unifex, repo: "hexpm", optional: false]}], "hexpm", "f9584cca9865ed754b8333e362d49d6c449c708d7c87be6c5f7bd5a1d978d6bf"},
  "membrane_core": {:hex, :membrane_core, "0.12.5", "098733b1677bd9235a74fc3dabcdff5459d879466c7dc4b862e485c161153947", [:mix], [{:bunch, "~> 1.6", [hex: :bunch, repo: "hexpm", optional: false]}, {:qex, "~> 0.3", [hex: :qex, repo: "hexpm", optional: false]}, {:ratio, "~> 2.0", [hex: :ratio, repo: "hexpm", optional: false]}, {:telemetry, "~> 1.0", [hex: :telemetry, repo: "hexpm", optional: false]}], "hexpm", "59ecef38a9c184a41810d23dfc77b899717538dd0a177bdbd57383c199f7675b"},
  "membrane_file_plugin": {:hex, :membrane_file_plugin, "0.14.0", "87f19f5f5afbfbaf2219b8f1d8496534cb9ad01fca74687910bf3f7aa866e244", [:mix], [{:membrane_core, "~> 0.12.0", [hex: :membrane_core, repo: "hexpm", optional: false]}], "hexpm", "28956f8d5d87735d499c57f1c24f62aeab71e0211863759e7e695ead966eb433"},
  "membrane_framerate_converter_plugin": {:hex, :membrane_framerate_converter_plugin, "0.7.0", "f1a12b914dde380f43ca83363431ed3c743cf20320afe6011f0f77e97d1d867f", [:mix], [{:bunch, "~> 1.3", [hex: :bunch, repo: "hexpm", optional: false]}, {:membrane_core, "~> 0.12.0", [hex: :membrane_core, repo: "hexpm", optional: false]}, {:membrane_raw_video_format, "~> 0.3.0", [hex: :membrane_raw_video_format, repo: "hexpm", optional: false]}, {:ratio, "~> 2.4.2", [hex: :ratio, repo: "hexpm", optional: false]}], "hexpm", "6c552f839f047d392adec7ce06ee6c720ef0561d6a766ff7087df7950501b835"},
  "membrane_funnel_plugin": {:hex, :membrane_funnel_plugin, "0.8.0", "fe735a88e4ac815041f3aba0bbfa25297769c4cb8b501f3875809698fe3f8fbf", [:mix], [{:membrane_core, "~> 0.12.0", [hex: :membrane_core, repo: "hexpm", optional: false]}], "hexpm", "61776c7e5b87eaa33eb314d06440cd124246a794482bf0c1b8cd2b796714f420"},
  "membrane_generator_plugin": {:hex, :membrane_generator_plugin, "0.8.1", "ec335b98c921b45b81d05bd9ee15a727695c2951fa0bf2dd252a138447c31d00", [:mix], [{:membrane_core, "~> 0.11.0", [hex: :membrane_core, repo: "hexpm", optional: false]}, {:membrane_raw_audio_format, "~> 0.10.0", [hex: :membrane_raw_audio_format, repo: "hexpm", optional: false]}, {:membrane_raw_video_format, "~> 0.3", [hex: :membrane_raw_video_format, repo: "hexpm", optional: false]}], "hexpm", "d4a8173d458cb01a78ee6397121c0accaddd210beee2986479c103939ed92270"},
  "membrane_h264_ffmpeg_plugin": {:hex, :membrane_h264_ffmpeg_plugin, "0.27.0", "4fced15b5791b87758869537770d00b39d103d1239ef7311f4a883e036d83d7b", [:mix], [{:bunch, "~> 1.6", [hex: :bunch, repo: "hexpm", optional: false]}, {:membrane_common_c, "~> 0.15.0", [hex: :membrane_common_c, repo: "hexpm", optional: false]}, {:membrane_core, "~> 0.12.0", [hex: :membrane_core, repo: "hexpm", optional: false]}, {:membrane_h264_format, "~> 0.5.0", [hex: :membrane_h264_format, repo: "hexpm", optional: false]}, {:membrane_raw_video_format, "~> 0.3.0", [hex: :membrane_raw_video_format, repo: "hexpm", optional: false]}, {:ratio, "~> 2.4.0", [hex: :ratio, repo: "hexpm", optional: false]}, {:unifex, "~> 1.1", [hex: :unifex, repo: "hexpm", optional: false]}], "hexpm", "031887921970f793d11bfd2e2ed36ba6c3010b17c61a4702bcf50028431786dc"},
  "membrane_h264_format": {:hex, :membrane_h264_format, "0.5.0", "95c1cc00896dab6de322cee3be0c9b0b0840537b4cc49e82a34e901b4e4763f9", [:mix], [], "hexpm", "7b44e0b02d86b45d24699de3c970186dffbca6d51aca80bbed2f6a3fe5c9eba1"},
  "membrane_h264_plugin": {:hex, :membrane_h264_plugin, "0.4.1", "73f4019a298091605fc34f21296328cae81d1223991ae4cb1aae96509f6e20b9", [:mix], [{:bunch, "~> 1.4", [hex: :bunch, repo: "hexpm", optional: false]}, {:membrane_core, "~> 0.12.0", [hex: :membrane_core, repo: "hexpm", optional: false]}, {:membrane_h264_format, "~> 0.5.0", [hex: :membrane_h264_format, repo: "hexpm", optional: false]}], "hexpm", "4593d6f43e4a4829dd35c1d7e5405c411b42aa0a11fd0548e337852407ad3118"},
  "membrane_http_adaptive_stream_plugin": {:hex, :membrane_http_adaptive_stream_plugin, "0.15.0", "f1f1084b7c9a1a227da4bf31c3637d3cadc2d111e830f34f442faaf6d776539d", [:mix], [{:bunch, "~> 1.5", [hex: :bunch, repo: "hexpm", optional: false]}, {:membrane_cmaf_format, "~> 0.6.1", [hex: :membrane_cmaf_format, repo: "hexpm", optional: false]}, {:membrane_core, "~> 0.12.3", [hex: :membrane_core, repo: "hexpm", optional: false]}, {:membrane_mp4_plugin, "~> 0.24.1", [hex: :membrane_mp4_plugin, repo: "hexpm", optional: false]}, {:membrane_tee_plugin, "~> 0.11.0", [hex: :membrane_tee_plugin, repo: "hexpm", optional: false]}], "hexpm", "7e85d26ad72fbfe171fbd897292feb78bd4396355a075fd79c64d11a5e4fe902"},
  "membrane_ice_plugin": {:hex, :membrane_ice_plugin, "0.16.0", "de694a18760bfd9b06d9e8fa329f95b526aa05be77ade0a6dde69a6fe9cd1ecb", [:mix], [{:bunch, "~> 1.5", [hex: :bunch, repo: "hexpm", optional: false]}, {:ex_dtls, "~> 0.12.0", [hex: :ex_dtls, repo: "hexpm", optional: false]}, {:fake_turn, "~> 0.4.0", [hex: :fake_turn, repo: "hexpm", optional: false]}, {:membrane_core, "~> 0.11", [hex: :membrane_core, repo: "hexpm", optional: false]}, {:membrane_funnel_plugin, "~> 0.8.0", [hex: :membrane_funnel_plugin, repo: "hexpm", optional: false]}, {:membrane_opentelemetry, "~> 0.1.0", [hex: :membrane_opentelemetry, repo: "hexpm", optional: false]}, {:membrane_rtp_format, "~> 0.7.0", [hex: :membrane_rtp_format, repo: "hexpm", optional: false]}, {:membrane_telemetry_metrics, "~> 0.1.0", [hex: :membrane_telemetry_metrics, repo: "hexpm", optional: false]}], "hexpm", "0999a407c0ccbe434e5dd93274ff0d820a074943d0f94fa5c397cc43667e8fc9"},
  "membrane_mp4_format": {:hex, :membrane_mp4_format, "0.7.0", "0cc33f21dc571b43b4d2db66a056e2b7eecdc7ada71a9e0e923ab7a1554f15f2", [:mix], [], "hexpm", "7653a20e7b0c048ea05ffad6df88249abf4c1b63772c14dee843acffcad6b038"},
  "membrane_mp4_plugin": {:hex, :membrane_mp4_plugin, "0.24.1", "d6dda76d9811e6c0fc5c8c6f5701920432ef024a2f82973ce7fccdee10cdc9f5", [:mix], [{:bunch, "~> 1.5", [hex: :bunch, repo: "hexpm", optional: false]}, {:membrane_aac_format, "~> 0.7.0", [hex: :membrane_aac_format, repo: "hexpm", optional: false]}, {:membrane_cmaf_format, "~> 0.6.0", [hex: :membrane_cmaf_format, repo: "hexpm", optional: false]}, {:membrane_core, "~> 0.12.3", [hex: :membrane_core, repo: "hexpm", optional: false]}, {:membrane_file_plugin, "~> 0.14.0", [hex: :membrane_file_plugin, repo: "hexpm", optional: false]}, {:membrane_h264_format, "~> 0.5.0", [hex: :membrane_h264_format, repo: "hexpm", optional: false]}, {:membrane_h264_plugin, "~> 0.4.0", [hex: :membrane_h264_plugin, repo: "hexpm", optional: false]}, {:membrane_mp4_format, "~> 0.7.0", [hex: :membrane_mp4_format, repo: "hexpm", optional: false]}, {:membrane_opus_format, "~> 0.3.0", [hex: :membrane_opus_format, repo: "hexpm", optional: false]}], "hexpm", "d0f95edd324b6f0dfeeac70967da10082b156b1c56029c18cfc3860f15009a75"},
  "membrane_opentelemetry": {:hex, :membrane_opentelemetry, "0.1.0", "af774bc5b9bad3a822e9a26d8530819b0291b569a282c65a7dd51cc498e6e9cd", [:mix], [{:opentelemetry_api, "~> 1.0.0", [hex: :opentelemetry_api, repo: "hexpm", optional: false]}], "hexpm", "2e4072a5f14eb95514701e242a7667a7178dfc6afd313d4643ec0726391c243b"},
  "membrane_opus_format": {:hex, :membrane_opus_format, "0.3.0", "3804d9916058b7cfa2baa0131a644d8186198d64f52d592ae09e0942513cb4c2", [:mix], [], "hexpm", "8fc89c97be50de23ded15f2050fe603dcce732566fe6fdd15a2de01cb6b81afe"},
  "membrane_opus_plugin": {:hex, :membrane_opus_plugin, "0.17.1", "533d694d8c6f38fbf7f09a514e16037e8980d167899d4c35cb5017b088122ce9", [:mix], [{:bunch, "~> 1.3", [hex: :bunch, repo: "hexpm", optional: false]}, {:membrane_common_c, "~> 0.15.0", [hex: :membrane_common_c, repo: "hexpm", optional: false]}, {:membrane_core, "~> 0.12.3", [hex: :membrane_core, repo: "hexpm", optional: false]}, {:membrane_opus_format, "~> 0.3.0", [hex: :membrane_opus_format, repo: "hexpm", optional: false]}, {:membrane_raw_audio_format, "~> 0.11.0", [hex: :membrane_raw_audio_format, repo: "hexpm", optional: false]}, {:unifex, "~> 1.0", [hex: :unifex, repo: "hexpm", optional: false]}], "hexpm", "8d2bf3d97651f136fd393ce80c099a4f282bbe1dfafde887f8ab18668fd349aa"},
  "membrane_raw_audio_format": {:hex, :membrane_raw_audio_format, "0.11.0", "9b7e8c77f321a3fa1cac2ef157c897938084b704a90ac5450d9f5c87a249b613", [:mix], [{:bimap, "~> 1.1", [hex: :bimap, repo: "hexpm", optional: false]}, {:bunch, "~> 1.0", [hex: :bunch, repo: "hexpm", optional: false]}, {:membrane_core, "~> 0.12.0", [hex: :membrane_core, repo: "hexpm", optional: false]}], "hexpm", "89e0d46893b7cd63d1ab76467d3aae95bd8081e487b18ab0d1679c70d75f7bd8"},
  "membrane_raw_video_format": {:hex, :membrane_raw_video_format, "0.3.0", "ba10f475e0814a6fe79602a74536b796047577c7ef5b0e33def27cd344229699", [:mix], [], "hexpm", "2f08760061c8a5386ecf04273480f10e48d25a1a40aa99476302b0bcd34ccb1c"},
  "membrane_realtimer_plugin": {:hex, :membrane_realtimer_plugin, "0.6.1", "2db274f8194bdc6f81d233592af609c5ca27ad2397649313a2c13b7dd426cfd6", [:mix], [{:membrane_core, "~> 0.11", [hex: :membrane_core, repo: "hexpm", optional: false]}], "hexpm", "685a19abf9292c177ac65329eb0b24736070ca9d2fd1ac094f002db9c12ca9bc"},
  "membrane_rtc_engine": {:hex, :membrane_rtc_engine, "0.15.0", "6638f5b955046865c6831feb155c488f5572a4aecea67f62d89838f107b08268", [:mix], [{:connection, "~> 1.1", [hex: :connection, repo: "hexpm", optional: true]}, {:ex_sdp, "~> 0.11.0", [hex: :ex_sdp, repo: "hexpm", optional: false]}, {:jason, "~> 1.2", [hex: :jason, repo: "hexpm", optional: false]}, {:membrane_aac_fdk_plugin, "~> 0.15.1", [hex: :membrane_aac_fdk_plugin, repo: "hexpm", optional: true]}, {:membrane_aac_plugin, "~> 0.15.0", [hex: :membrane_aac_plugin, repo: "hexpm", optional: true]}, {:membrane_audio_mix_plugin, "~> 0.15.2", [hex: :membrane_audio_mix_plugin, repo: "hexpm", optional: true]}, {:membrane_core, "~> 0.12.3", [hex: :membrane_core, repo: "hexpm", optional: false]}, {:membrane_file_plugin, "~> 0.14.0", [hex: :membrane_file_plugin, repo: "hexpm", optional: false]}, {:membrane_h264_ffmpeg_plugin, "~> 0.27.0", [hex: :membrane_h264_ffmpeg_plugin, repo: "hexpm", optional: true]}, {:membrane_h264_plugin, "~> 0.4.0", [hex: :membrane_h264_plugin, repo: "hexpm", optional: true]}, {:membrane_http_adaptive_stream_plugin, "~> 0.15.0", [hex: :membrane_http_adaptive_stream_plugin, repo: "hexpm", optional: true]}, {:membrane_ice_plugin, "~> 0.16.0", [hex: :membrane_ice_plugin, repo: "hexpm", optional: false]}, {:membrane_opentelemetry, "~> 0.1.0", [hex: :membrane_opentelemetry, repo: "hexpm", optional: false]}, {:membrane_opus_plugin, "~> 0.17.1", [hex: :membrane_opus_plugin, repo: "hexpm", optional: true]}, {:membrane_raw_audio_format, "~> 0.11.0", [hex: :membrane_raw_audio_format, repo: "hexpm", optional: true]}, {:membrane_rtp_format, "~> 0.7.0", [hex: :membrane_rtp_format, repo: "hexpm", optional: false]}, {:membrane_rtp_h264_plugin, "~> 0.16.0", [hex: :membrane_rtp_h264_plugin, repo: "hexpm", optional: false]}, {:membrane_rtp_opus_plugin, "~> 0.8.0", [hex: :membrane_rtp_opus_plugin, repo: "hexpm", optional: false]}, {:membrane_rtp_plugin, "~> 0.23.0", [hex: :membrane_rtp_plugin, repo: "hexpm", optional: false]}, {:membrane_rtp_vp8_plugin, "~> 0.8.0", [hex: :membrane_rtp_vp8_plugin, repo: "hexpm", optional: false]}, {:membrane_rtsp, "~> 0.5.0", [hex: :membrane_rtsp, repo: "hexpm", optional: true]}, {:membrane_tee_plugin, "~> 0.11.0", [hex: :membrane_tee_plugin, repo: "hexpm", optional: false]}, {:membrane_telemetry_metrics, "~> 0.1.0", [hex: :membrane_telemetry_metrics, repo: "hexpm", optional: false]}, {:membrane_udp_plugin, "~> 0.10.0", [hex: :membrane_udp_plugin, repo: "hexpm", optional: true]}, {:membrane_video_compositor_plugin, "~> 0.5.1", [hex: :membrane_video_compositor_plugin, repo: "hexpm", optional: true]}, {:membrane_webrtc_plugin, "~> 0.15.0", [hex: :membrane_webrtc_plugin, repo: "hexpm", optional: false]}, {:opentelemetry, "~> 1.0.0", [hex: :opentelemetry, repo: "hexpm", optional: false]}, {:opentelemetry_api, "~> 1.0.0", [hex: :opentelemetry_api, repo: "hexpm", optional: false]}, {:qex, "~> 0.5", [hex: :qex, repo: "hexpm", optional: false]}, {:statistics, "~> 0.6.0", [hex: :statistics, repo: "hexpm", optional: false]}, {:unifex, "~> 1.0", [hex: :unifex, repo: "hexpm", optional: false]}, {:uuid, "~> 1.1", [hex: :uuid, repo: "hexpm", optional: false]}], "hexpm", "f699ca6db89ab3b9cd989a4bb1f24d7c971c17c94e53fcc3ebbb40215efad1f6"},
  "membrane_rtp_format": {:hex, :membrane_rtp_format, "0.7.0", "c07cca86d420732663b55a9ca046f327737ca87354508c3df829d240c477df25", [:mix], [{:membrane_core, "~> 0.12.0", [hex: :membrane_core, repo: "hexpm", optional: false]}], "hexpm", "2cead4d2c4f9f5c7669677c2cd3921f9f99ec29c06a871f9dffdb97840a1a279"},
  "membrane_rtp_h264_plugin": {:hex, :membrane_rtp_h264_plugin, "0.16.0", "c5781793b1c866335e409f97443f27347d54e1507fb84b5f13dadf0dddaa5f86", [:mix], [{:bunch, "~> 1.5", [hex: :bunch, repo: "hexpm", optional: false]}, {:membrane_core, "~> 0.12.0", [hex: :membrane_core, repo: "hexpm", optional: false]}, {:membrane_h264_format, "~> 0.5.0", [hex: :membrane_h264_format, repo: "hexpm", optional: false]}, {:membrane_rtp_format, "~> 0.7.0", [hex: :membrane_rtp_format, repo: "hexpm", optional: false]}], "hexpm", "61893b28a02ef62f22abd84628e5d530a76a782e8cedcd6ae8cb8ad4e71d9691"},
  "membrane_rtp_opus_plugin": {:hex, :membrane_rtp_opus_plugin, "0.8.0", "bf53c9135b555fccc70e16cfb2583a858b1fbafe7f2e595e6a7d233c8b78682c", [:mix], [{:membrane_core, "~> 0.12.1", [hex: :membrane_core, repo: "hexpm", optional: false]}, {:membrane_opus_format, "~> 0.3.0", [hex: :membrane_opus_format, repo: "hexpm", optional: false]}, {:membrane_rtp_format, "~> 0.7.0", [hex: :membrane_rtp_format, repo: "hexpm", optional: false]}], "hexpm", "3098224986aff8c22f6f93ccb39a10e774391cf2fccaa4f9635000dbd3212635"},
  "membrane_rtp_plugin": {:hex, :membrane_rtp_plugin, "0.23.0", "82c20663917a06e2f2dd4726c394910a4541107a3634d7fb1136a1a68b411ff2", [:mix], [{:bimap, "~> 1.2", [hex: :bimap, repo: "hexpm", optional: false]}, {:bunch, "~> 1.5", [hex: :bunch, repo: "hexpm", optional: false]}, {:ex_libsrtp, "~> 0.6.0", [hex: :ex_libsrtp, repo: "hexpm", optional: true]}, {:heap, "~> 2.0.2", [hex: :heap, repo: "hexpm", optional: false]}, {:membrane_core, "~> 0.12.1", [hex: :membrane_core, repo: "hexpm", optional: false]}, {:membrane_funnel_plugin, "~> 0.8.0", [hex: :membrane_funnel_plugin, repo: "hexpm", optional: false]}, {:membrane_rtp_format, "~> 0.7.0", [hex: :membrane_rtp_format, repo: "hexpm", optional: false]}, {:membrane_telemetry_metrics, "~> 0.1.0", [hex: :membrane_telemetry_metrics, repo: "hexpm", optional: false]}, {:qex, "~> 0.5.1", [hex: :qex, repo: "hexpm", optional: false]}], "hexpm", "794568f4336cddb0680e6e2834c4ce88a15b413f86418b47323b52b39836bea3"},
  "membrane_rtp_vp8_plugin": {:hex, :membrane_rtp_vp8_plugin, "0.8.0", "8e005028994a709383883a5172a01d16027c68dffe81be0834c8f82bf95b1201", [:mix], [{:membrane_core, "~> 0.12.1", [hex: :membrane_core, repo: "hexpm", optional: false]}, {:membrane_rtp_format, "~> 0.7.0", [hex: :membrane_rtp_format, repo: "hexpm", optional: false]}, {:membrane_vp8_format, "~> 0.4.0", [hex: :membrane_vp8_format, repo: "hexpm", optional: false]}], "hexpm", "c7821dbce02bc5e48c821ca2b9469244e7cf20791cbc268f09cd2f7b8cd18f13"},
  "membrane_rtsp": {:hex, :membrane_rtsp, "0.5.0", "29ff82df4596118d104c3a8a5c658266fe4977bcca8accbd4df11aa953a12094", [:mix], [{:bunch, "~> 1.6", [hex: :bunch, repo: "hexpm", optional: false]}, {:ex_sdp, "~> 0.11.0", [hex: :ex_sdp, repo: "hexpm", optional: false]}, {:mockery, "~> 2.3", [hex: :mockery, repo: "hexpm", optional: false]}], "hexpm", "3b218648c8beb21e0bc6ccd15ebb853a92c28f34dfaa3b03ee2e58ae89e44471"},
  "membrane_tee_plugin": {:hex, :membrane_tee_plugin, "0.11.0", "7891283843fb42df788793217cc4117aa054de515b5e8a5b45109f069976e264", [:mix], [{:bunch, "~> 1.0", [hex: :bunch, repo: "hexpm", optional: false]}, {:membrane_core, "~> 0.12.0", [hex: :membrane_core, repo: "hexpm", optional: false]}], "hexpm", "1af8aff9488eb2303f18757a58d8d4a872f967fe66d2470e055e3c38dc770e88"},
  "membrane_telemetry_metrics": {:hex, :membrane_telemetry_metrics, "0.1.0", "cb93d28356b436b0597736c3e4153738d82d2a14ff547f831df7e9051e54fc06", [:mix], [{:telemetry, "~> 1.0", [hex: :telemetry, repo: "hexpm", optional: false]}, {:telemetry_metrics, "~> 0.6.1", [hex: :telemetry_metrics, repo: "hexpm", optional: false]}], "hexpm", "aba28dc8311f70ced95d984509be930fac55857d2d18bffcf768815e627be3f0"},
  "membrane_udp_plugin": {:hex, :membrane_udp_plugin, "0.10.0", "d2d207e5873298fad59a7c520a01a39179b2f31ec0cf8b63f0c6687bcd32a816", [:mix], [{:membrane_core, "~> 0.12.0", [hex: :membrane_core, repo: "hexpm", optional: false]}, {:mockery, "~> 2.3.0", [hex: :mockery, repo: "hexpm", optional: false]}], "hexpm", "55f5c55fb12966236c7c8cc078fbf3ad216ba457a6089092fdca55238d0e038b"},
  "membrane_video_compositor_plugin": {:hex, :membrane_video_compositor_plugin, "0.5.1", "cbdc093bd367285900a333b1f320df167a5cb1b534594b3250ff38ca9a2c609a", [:mix], [{:membrane_core, "~> 0.12.5", [hex: :membrane_core, repo: "hexpm", optional: false]}, {:membrane_framerate_converter_plugin, "~> 0.7.0", [hex: :membrane_framerate_converter_plugin, repo: "hexpm", optional: false]}, {:membrane_raw_video_format, "~> 0.3.0", [hex: :membrane_raw_video_format, repo: "hexpm", optional: false]}, {:qex, "~> 0.5.1", [hex: :qex, repo: "hexpm", optional: false]}, {:ratio, "~> 2.0", [hex: :ratio, repo: "hexpm", optional: false]}, {:rustler, "~> 0.26.0", [hex: :rustler, repo: "hexpm", optional: false]}, {:unifex, "~> 1.0", [hex: :unifex, repo: "hexpm", optional: false]}], "hexpm", "470ff15c23f0e109cec8829e44848f3f6ec22335496254912f2b1a4d8e5af108"},
  "membrane_vp8_format": {:hex, :membrane_vp8_format, "0.4.0", "6c29ec67479edfbab27b11266dc92f18f3baf4421262c5c31af348c33e5b92c7", [:mix], [], "hexpm", "8bb005ede61db8fcb3535a883f32168b251c2dfd1109197c8c3b39ce28ed08e2"},
  "membrane_webrtc_plugin": {:hex, :membrane_webrtc_plugin, "0.15.0", "24c4cecb4730542c8db5a10b530192b1c26e351663453e6db7aa5bd63acd1bbe", [:mix], [{:bunch, "~> 1.5", [hex: :bunch, repo: "hexpm", optional: false]}, {:ex_libsrtp, ">= 0.0.0", [hex: :ex_libsrtp, repo: "hexpm", optional: false]}, {:ex_sdp, "~> 0.11.0", [hex: :ex_sdp, repo: "hexpm", optional: false]}, {:membrane_core, "~> 0.12.1", [hex: :membrane_core, repo: "hexpm", optional: false]}, {:membrane_funnel_plugin, "~> 0.8.0", [hex: :membrane_funnel_plugin, repo: "hexpm", optional: false]}, {:membrane_h264_ffmpeg_plugin, "~> 0.27.0", [hex: :membrane_h264_ffmpeg_plugin, repo: "hexpm", optional: false]}, {:membrane_ice_plugin, "~> 0.16.0", [hex: :membrane_ice_plugin, repo: "hexpm", optional: false]}, {:membrane_opentelemetry, "~> 0.1.0", [hex: :membrane_opentelemetry, repo: "hexpm", optional: false]}, {:membrane_rtp_format, "~> 0.7.0", [hex: :membrane_rtp_format, repo: "hexpm", optional: false]}, {:membrane_rtp_h264_plugin, "~> 0.16.0", [hex: :membrane_rtp_h264_plugin, repo: "hexpm", optional: false]}, {:membrane_rtp_opus_plugin, "~> 0.8.0", [hex: :membrane_rtp_opus_plugin, repo: "hexpm", optional: false]}, {:membrane_rtp_plugin, "~> 0.23.0", [hex: :membrane_rtp_plugin, repo: "hexpm", optional: false]}, {:membrane_rtp_vp8_plugin, "~> 0.8.0", [hex: :membrane_rtp_vp8_plugin, repo: "hexpm", optional: false]}, {:opentelemetry, "~> 1.0.4", [hex: :opentelemetry, repo: "hexpm", optional: false]}, {:opentelemetry_api, "~> 1.0", [hex: :opentelemetry_api, repo: "hexpm", optional: false]}, {:qex, "~> 0.5.0", [hex: :qex, repo: "hexpm", optional: false]}], "hexpm", "9c71e964b3793a7e740199b4fe201dfb4cfb29d83a9b631e8856db1a79e16576"},
  "metrics": {:hex, :metrics, "1.0.1", "25f094dea2cda98213cecc3aeff09e940299d950904393b2a29d191c346a8486", [:rebar3], [], "hexpm", "69b09adddc4f74a40716ae54d140f93beb0fb8978d8636eaded0c31b6f099f16"},
  "mime": {:hex, :mime, "2.0.5", "dc34c8efd439abe6ae0343edbb8556f4d63f178594894720607772a041b04b02", [:mix], [], "hexpm", "da0d64a365c45bc9935cc5c8a7fc5e49a0e0f9932a761c55d6c52b142780a05c"},
  "mimerl": {:hex, :mimerl, "1.2.0", "67e2d3f571088d5cfd3e550c383094b47159f3eee8ffa08e64106cdf5e981be3", [:rebar3], [], "hexpm", "f278585650aa581986264638ebf698f8bb19df297f66ad91b18910dfc6e19323"},
  "mockery": {:hex, :mockery, "2.3.1", "a02fd60b10ac9ed37a7a2ecf6786c1f1dd5c75d2b079a60594b089fba32dc087", [:mix], [], "hexpm", "1d0971d88ebf084e962da3f2cfee16f0ea8e04ff73a7710428500d4500b947fa"},
  "numbers": {:hex, :numbers, "5.2.4", "f123d5bb7f6acc366f8f445e10a32bd403c8469bdbce8ce049e1f0972b607080", [:mix], [{:coerce, "~> 1.0", [hex: :coerce, repo: "hexpm", optional: false]}, {:decimal, "~> 1.9 or ~> 2.0", [hex: :decimal, repo: "hexpm", optional: true]}], "hexpm", "eeccf5c61d5f4922198395bf87a465b6f980b8b862dd22d28198c5e6fab38582"},
  "open_api_spex": {:hex, :open_api_spex, "3.17.3", "ada8e352eb786050dd639db2439d3316e92f3798eb2abd051f55bb9af825b37e", [:mix], [{:jason, "~> 1.0", [hex: :jason, repo: "hexpm", optional: true]}, {:plug, "~> 1.7", [hex: :plug, repo: "hexpm", optional: false]}, {:poison, "~> 3.0 or ~> 4.0 or ~> 5.0", [hex: :poison, repo: "hexpm", optional: true]}, {:ymlr, "~> 2.0 or ~> 3.0", [hex: :ymlr, repo: "hexpm", optional: true]}], "hexpm", "165db21a85ca83cffc8e7c8890f35b354eddda8255de7404a2848ed652b9f0fe"},
  "opentelemetry": {:hex, :opentelemetry, "1.0.5", "f0cd36ac8b30b68e8d70cec5bb88801ed7f3fe79aac67597054ed5490542e810", [:rebar3], [{:opentelemetry_api, "~> 1.0", [hex: :opentelemetry_api, repo: "hexpm", optional: false]}], "hexpm", "3b17f8933a58e1246f42a0c215840fd8218aebbcabdb0aac62b0c766fe85542e"},
  "opentelemetry_api": {:hex, :opentelemetry_api, "1.0.3", "77f9644c42340cd8b18c728cde4822ed55ae136f0d07761b78e8c54da46af93a", [:mix, :rebar3], [], "hexpm", "4293e06bd369bc004e6fad5edbb56456d891f14bd3f9f1772b18f1923e0678ea"},
  "p1_utils": {:hex, :p1_utils, "1.0.23", "7f94466ada69bd982ea7bb80fbca18e7053e7d0b82c9d9e37621fa508587069b", [:rebar3], [], "hexpm", "47f21618694eeee5006af1c88731ad86b757161e7823c29b6f73921b571c8502"},
  "parse_trans": {:hex, :parse_trans, "3.3.1", "16328ab840cc09919bd10dab29e431da3af9e9e7e7e6f0089dd5a2d2820011d8", [:rebar3], [], "hexpm", "07cd9577885f56362d414e8c4c4e6bdf10d43a8767abb92d24cbe8b24c54888b"},
  "phoenix": {:hex, :phoenix, "1.7.6", "61f0625af7c1d1923d582470446de29b008c0e07ae33d7a3859ede247ddaf59a", [:mix], [{:castore, ">= 0.0.0", [hex: :castore, repo: "hexpm", optional: false]}, {:jason, "~> 1.0", [hex: :jason, repo: "hexpm", optional: true]}, {:phoenix_pubsub, "~> 2.1", [hex: :phoenix_pubsub, repo: "hexpm", optional: false]}, {:phoenix_template, "~> 1.0", [hex: :phoenix_template, repo: "hexpm", optional: false]}, {:phoenix_view, "~> 2.0", [hex: :phoenix_view, repo: "hexpm", optional: true]}, {:plug, "~> 1.14", [hex: :plug, repo: "hexpm", optional: false]}, {:plug_cowboy, "~> 2.6", [hex: :plug_cowboy, repo: "hexpm", optional: true]}, {:plug_crypto, "~> 1.2", [hex: :plug_crypto, repo: "hexpm", optional: false]}, {:telemetry, "~> 0.4 or ~> 1.0", [hex: :telemetry, repo: "hexpm", optional: false]}, {:websock_adapter, "~> 0.5.3", [hex: :websock_adapter, repo: "hexpm", optional: false]}], "hexpm", "f6b4be7780402bb060cbc6e83f1b6d3f5673b674ba73cc4a7dd47db0322dfb88"},
  "phoenix_html": {:hex, :phoenix_html, "3.3.1", "4788757e804a30baac6b3fc9695bf5562465dd3f1da8eb8460ad5b404d9a2178", [:mix], [{:plug, "~> 1.5", [hex: :plug, repo: "hexpm", optional: true]}], "hexpm", "bed1906edd4906a15fd7b412b85b05e521e1f67c9a85418c55999277e553d0d3"},
  "phoenix_live_dashboard": {:hex, :phoenix_live_dashboard, "0.7.2", "97cc4ff2dba1ebe504db72cb45098cb8e91f11160528b980bd282cc45c73b29c", [:mix], [{:ecto, "~> 3.6.2 or ~> 3.7", [hex: :ecto, repo: "hexpm", optional: true]}, {:ecto_mysql_extras, "~> 0.5", [hex: :ecto_mysql_extras, repo: "hexpm", optional: true]}, {:ecto_psql_extras, "~> 0.7", [hex: :ecto_psql_extras, repo: "hexpm", optional: true]}, {:mime, "~> 1.6 or ~> 2.0", [hex: :mime, repo: "hexpm", optional: false]}, {:phoenix_live_view, "~> 0.18.3", [hex: :phoenix_live_view, repo: "hexpm", optional: false]}, {:telemetry_metrics, "~> 0.6 or ~> 1.0", [hex: :telemetry_metrics, repo: "hexpm", optional: false]}], "hexpm", "0e5fdf063c7a3b620c566a30fcf68b7ee02e5e46fe48ee46a6ec3ba382dc05b7"},
  "phoenix_live_view": {:hex, :phoenix_live_view, "0.18.18", "1f38fbd7c363723f19aad1a04b5490ff3a178e37daaf6999594d5f34796c47fc", [:mix], [{:jason, "~> 1.0", [hex: :jason, repo: "hexpm", optional: true]}, {:phoenix, "~> 1.6.15 or ~> 1.7.0", [hex: :phoenix, repo: "hexpm", optional: false]}, {:phoenix_html, "~> 3.3", [hex: :phoenix_html, repo: "hexpm", optional: false]}, {:phoenix_template, "~> 1.0", [hex: :phoenix_template, repo: "hexpm", optional: false]}, {:phoenix_view, "~> 2.0", [hex: :phoenix_view, repo: "hexpm", optional: true]}, {:telemetry, "~> 0.4.2 or ~> 1.0", [hex: :telemetry, repo: "hexpm", optional: false]}], "hexpm", "a5810d0472f3189ede6d2a95bda7f31c6113156b91784a3426cb0ab6a6d85214"},
  "phoenix_pubsub": {:hex, :phoenix_pubsub, "2.1.3", "3168d78ba41835aecad272d5e8cd51aa87a7ac9eb836eabc42f6e57538e3731d", [:mix], [], "hexpm", "bba06bc1dcfd8cb086759f0edc94a8ba2bc8896d5331a1e2c2902bf8e36ee502"},
  "phoenix_template": {:hex, :phoenix_template, "1.0.1", "85f79e3ad1b0180abb43f9725973e3b8c2c3354a87245f91431eec60553ed3ef", [:mix], [{:phoenix_html, "~> 2.14.2 or ~> 3.0", [hex: :phoenix_html, repo: "hexpm", optional: true]}], "hexpm", "157dc078f6226334c91cb32c1865bf3911686f8bcd6bcff86736f6253e6993ee"},
  "plug": {:hex, :plug, "1.14.2", "cff7d4ec45b4ae176a227acd94a7ab536d9b37b942c8e8fa6dfc0fff98ff4d80", [:mix], [{:mime, "~> 1.0 or ~> 2.0", [hex: :mime, repo: "hexpm", optional: false]}, {:plug_crypto, "~> 1.1.1 or ~> 1.2", [hex: :plug_crypto, repo: "hexpm", optional: false]}, {:telemetry, "~> 0.4.3 or ~> 1.0", [hex: :telemetry, repo: "hexpm", optional: false]}], "hexpm", "842fc50187e13cf4ac3b253d47d9474ed6c296a8732752835ce4a86acdf68d13"},
  "plug_cowboy": {:hex, :plug_cowboy, "2.6.1", "9a3bbfceeb65eff5f39dab529e5cd79137ac36e913c02067dba3963a26efe9b2", [:mix], [{:cowboy, "~> 2.7", [hex: :cowboy, repo: "hexpm", optional: false]}, {:cowboy_telemetry, "~> 0.3", [hex: :cowboy_telemetry, repo: "hexpm", optional: false]}, {:plug, "~> 1.14", [hex: :plug, repo: "hexpm", optional: false]}], "hexpm", "de36e1a21f451a18b790f37765db198075c25875c64834bcc82d90b309eb6613"},
  "plug_crypto": {:hex, :plug_crypto, "1.2.5", "918772575e48e81e455818229bf719d4ab4181fcbf7f85b68a35620f78d89ced", [:mix], [], "hexpm", "26549a1d6345e2172eb1c233866756ae44a9609bd33ee6f99147ab3fd87fd842"},
  "protobuf": {:hex, :protobuf, "0.10.0", "4e8e3cf64c5be203b329f88bb8b916cb8d00fb3a12b2ac1f545463ae963c869f", [:mix], [{:jason, "~> 1.2", [hex: :jason, repo: "hexpm", optional: true]}], "hexpm", "4ae21a386142357aa3d31ccf5f7d290f03f3fa6f209755f6e87fc2c58c147893"},
  "qex": {:hex, :qex, "0.5.1", "0d82c0f008551d24fffb99d97f8299afcb8ea9cf99582b770bd004ed5af63fd6", [:mix], [], "hexpm", "935a39fdaf2445834b95951456559e9dc2063d0a055742c558a99987b38d6bab"},
  "ranch": {:hex, :ranch, "1.8.0", "8c7a100a139fd57f17327b6413e4167ac559fbc04ca7448e9be9057311597a1d", [:make, :rebar3], [], "hexpm", "49fbcfd3682fab1f5d109351b61257676da1a2fdbe295904176d5e521a2ddfe5"},
  "ratio": {:hex, :ratio, "2.4.2", "c8518f3536d49b1b00d88dd20d49f8b11abb7819638093314a6348139f14f9f9", [:mix], [{:decimal, "~> 1.6 or ~> 2.0", [hex: :decimal, repo: "hexpm", optional: true]}, {:numbers, "~> 5.2.0", [hex: :numbers, repo: "hexpm", optional: false]}], "hexpm", "441ef6f73172a3503de65ccf1769030997b0d533b1039422f1e5e0e0b4cbf89e"},
  "rustler": {:hex, :rustler, "0.26.0", "06a2773d453ee3e9109efda643cf2ae633dedea709e2455ac42b83637c9249bf", [:mix], [{:jason, "~> 1.0", [hex: :jason, repo: "hexpm", optional: false]}, {:toml, "~> 0.6", [hex: :toml, repo: "hexpm", optional: false]}], "hexpm", "42961e9d2083d004d5a53e111ad1f0c347efd9a05cb2eb2ffa1d037cdc74db91"},
  "secure_random": {:hex, :secure_random, "0.5.1", "c5532b37c89d175c328f5196a0c2a5680b15ebce3e654da37129a9fe40ebf51b", [:mix], [], "hexpm", "1b9754f15e3940a143baafd19da12293f100044df69ea12db5d72878312ae6ab"},
  "shmex": {:hex, :shmex, "0.5.0", "7dc4fb1a8bd851085a652605d690bdd070628717864b442f53d3447326bcd3e8", [:mix], [{:bunch_native, "~> 0.5.0", [hex: :bunch_native, repo: "hexpm", optional: false]}, {:bundlex, "~> 1.0", [hex: :bundlex, repo: "hexpm", optional: false]}], "hexpm", "b67bb1e22734758397c84458dbb746519e28eac210423c267c7248e59fc97bdc"},
  "ssl_verify_fun": {:hex, :ssl_verify_fun, "1.1.7", "354c321cf377240c7b8716899e182ce4890c5938111a1296add3ec74cf1715df", [:make, :mix, :rebar3], [], "hexpm", "fe4c190e8f37401d30167c8c405eda19469f34577987c76dde613e838bbc67f8"},
  "statistics": {:hex, :statistics, "0.6.2", "213dcedc2b3ae7fb775b5510ea9630c66d3c0019ea2f86d5096559853623a60d", [:mix], [], "hexpm", "329f1008dc4ad24430d94c04b52ff09d5fb435ab11f34360831f11eb0c391c17"},
  "telemetry": {:hex, :telemetry, "1.2.1", "68fdfe8d8f05a8428483a97d7aab2f268aaff24b49e0f599faa091f1d4e7f61c", [:rebar3], [], "hexpm", "dad9ce9d8effc621708f99eac538ef1cbe05d6a874dd741de2e689c47feafed5"},
  "telemetry_metrics": {:hex, :telemetry_metrics, "0.6.1", "315d9163a1d4660aedc3fee73f33f1d355dcc76c5c3ab3d59e76e3edf80eef1f", [:mix], [{:telemetry, "~> 0.4 or ~> 1.0", [hex: :telemetry, repo: "hexpm", optional: false]}], "hexpm", "7be9e0871c41732c233be71e4be11b96e56177bf15dde64a8ac9ce72ac9834c6"},
  "telemetry_poller": {:hex, :telemetry_poller, "1.0.0", "db91bb424e07f2bb6e73926fcafbfcbcb295f0193e0a00e825e589a0a47e8453", [:rebar3], [{:telemetry, "~> 1.0", [hex: :telemetry, repo: "hexpm", optional: false]}], "hexpm", "b3a24eafd66c3f42da30fc3ca7dda1e9d546c12250a2d60d7b81d264fbec4f6e"},
  "toml": {:hex, :toml, "0.7.0", "fbcd773caa937d0c7a02c301a1feea25612720ac3fa1ccb8bfd9d30d822911de", [:mix], [], "hexpm", "0690246a2478c1defd100b0c9b89b4ea280a22be9a7b313a8a058a2408a2fa70"},
  "unicode_util_compat": {:hex, :unicode_util_compat, "0.7.0", "bc84380c9ab48177092f43ac89e4dfa2c6d62b40b8bd132b1059ecc7232f9a78", [:rebar3], [], "hexpm", "25eee6d67df61960cf6a794239566599b09e17e668d3700247bc498638152521"},
  "unifex": {:hex, :unifex, "1.1.0", "26b1bcb6c3b3454e1ea15f85b2e570aaa5b5c609566aa9f5c2e0a8b213379d6b", [:mix], [{:bunch, "~> 1.0", [hex: :bunch, repo: "hexpm", optional: false]}, {:bundlex, "~> 1.0", [hex: :bundlex, repo: "hexpm", optional: false]}, {:shmex, "~> 0.5.0", [hex: :shmex, repo: "hexpm", optional: false]}], "hexpm", "d8f47e9e3240301f5b20eec5792d1d4341e1a3a268d94f7204703b48da4aaa06"},
  "uuid": {:hex, :uuid, "1.1.8", "e22fc04499de0de3ed1116b770c7737779f226ceefa0badb3592e64d5cfb4eb9", [:mix], [], "hexpm", "c790593b4c3b601f5dc2378baae7efaf5b3d73c4c6456ba85759905be792f2ac"},
  "websock": {:hex, :websock, "0.5.2", "b3c08511d8d79ed2c2f589ff430bd1fe799bb389686dafce86d28801783d8351", [:mix], [], "hexpm", "925f5de22fca6813dfa980fb62fd542ec43a2d1a1f83d2caec907483fe66ff05"},
  "websock_adapter": {:hex, :websock_adapter, "0.5.3", "4908718e42e4a548fc20e00e70848620a92f11f7a6add8cf0886c4232267498d", [:mix], [{:bandit, ">= 0.6.0", [hex: :bandit, repo: "hexpm", optional: true]}, {:plug, "~> 1.14", [hex: :plug, repo: "hexpm", optional: false]}, {:plug_cowboy, "~> 2.6", [hex: :plug_cowboy, repo: "hexpm", optional: true]}, {:websock, "~> 0.5", [hex: :websock, repo: "hexpm", optional: false]}], "hexpm", "cbe5b814c1f86b6ea002b52dd99f345aeecf1a1a6964e209d208fb404d930d3d"},
  "websockex": {:hex, :websockex, "0.4.3", "92b7905769c79c6480c02daacaca2ddd49de936d912976a4d3c923723b647bf0", [:mix], [], "hexpm", "95f2e7072b85a3a4cc385602d42115b73ce0b74a9121d0d6dbbf557645ac53e4"},
  "ymlr": {:hex, :ymlr, "3.0.1", "c7b459262aa52cbfee5d324995ac1bff8c765983460b1a4bb792f0f4db392232", [:mix], [], "hexpm", "759ce05102f7cb741cc65148044443d330cc75c9abd0769d5735bbf522219309"},
}
